
Microsoft Visual Studio Solution File, Format Version 12.00
# Visual Studio 15
VisualStudioVersion = 15.0.28010.2046
MinimumVisualStudioVersion = 10.0.40219.1
Project("{FAE04EC0-301F-11D3-BF4B-00C04F79EFBC}") = "MVC-poker", "MVC-poker\MVC-poker.csproj", "{95B74AF3-05F9-4E5F-B39F-9B994179CAF4}"
EndProject
Project("{FAE04EC0-301F-11D3-BF4B-00C04F79EFBC}") = "MVC_Controllers", "MVCControllers\MVC_Controllers.csproj", "{26860F1E-688B-4693-A921-712F1DFD0425}"
EndProject
Project("{FAE04EC0-301F-11D3-BF4B-00C04F79EFBC}") = "MVC-Models", "MVC-Models\MVC-Models.csproj", "{6CD6D9D3-A394-4DE6-83D1-99D5A4DC031F}"
EndProject
Global
	GlobalSection(SolutionConfigurationPlatforms) = preSolution
		Debug|Any CPU = Debug|Any CPU
		Release|Any CPU = Release|Any CPU
	EndGlobalSection
	GlobalSection(ProjectConfigurationPlatforms) = postSolution
		{95B74AF3-05F9-4E5F-B39F-9B994179CAF4}.Debug|Any CPU.ActiveCfg = Debug|Any CPU
		{95B74AF3-05F9-4E5F-B39F-9B994179CAF4}.Debug|Any CPU.Build.0 = Debug|Any CPU
		{95B74AF3-05F9-4E5F-B39F-9B994179CAF4}.Release|Any CPU.ActiveCfg = Release|Any CPU
		{95B74AF3-05F9-4E5F-B39F-9B994179CAF4}.Release|Any CPU.Build.0 = Release|Any CPU
		{26860F1E-688B-4693-A921-712F1DFD0425}.Debug|Any CPU.ActiveCfg = Debug|Any CPU
		{26860F1E-688B-4693-A921-712F1DFD0425}.Debug|Any CPU.Build.0 = Debug|Any CPU
		{26860F1E-688B-4693-A921-712F1DFD0425}.Release|Any CPU.ActiveCfg = Release|Any CPU
		{26860F1E-688B-4693-A921-712F1DFD0425}.Release|Any CPU.Build.0 = Release|Any CPU
		{6CD6D9D3-A394-4DE6-83D1-99D5A4DC031F}.Debug|Any CPU.ActiveCfg = Debug|Any CPU
		{6CD6D9D3-A394-4DE6-83D1-99D5A4DC031F}.Debug|Any CPU.Build.0 = Debug|Any CPU
		{6CD6D9D3-A394-4DE6-83D1-99D5A4DC031F}.Release|Any CPU.ActiveCfg = Release|Any CPU
		{6CD6D9D3-A394-4DE6-83D1-99D5A4DC031F}.Release|Any CPU.Build.0 = Release|Any CPU
	EndGlobalSection
	GlobalSection(SolutionProperties) = preSolution
		HideSolutionNode = FALSE
	EndGlobalSection
	GlobalSection(ExtensibilityGlobals) = postSolution
		SolutionGuid = {5F13A0C3-11AD-43BD-B708-9745461439FE}
	EndGlobalSection
EndGlobal
